
Microsoft Visual Studio Solution File, Format Version 12.00
# Visual Studio 15
VisualStudioVersion = 15.0.27004.2009
MinimumVisualStudioVersion = 10.0.40219.1
Project("{FAE04EC0-301F-11D3-BF4B-00C04F79EFBC}") = "FiveStone", "FiveStone\FiveStone.csproj", "{B788E73E-7732-461A-A7CE-3D91CC9FDC16}"
EndProject
Project("{FAE04EC0-301F-11D3-BF4B-00C04F79EFBC}") = "MyStack", "MyStack\MyStack.csproj", "{C44AF7A0-1B24-4C6B-888A-A1A05869DB10}"
EndProject
Global
	GlobalSection(SolutionConfigurationPlatforms) = preSolution
		Debug|Any CPU = Debug|Any CPU
		Release|Any CPU = Release|Any CPU
	EndGlobalSection
	GlobalSection(ProjectConfigurationPlatforms) = postSolution
		{B788E73E-7732-461A-A7CE-3D91CC9FDC16}.Debug|Any CPU.ActiveCfg = Debug|Any CPU
		{B788E73E-7732-461A-A7CE-3D91CC9FDC16}.Debug|Any CPU.Build.0 = Debug|Any CPU
		{B788E73E-7732-461A-A7CE-3D91CC9FDC16}.Release|Any CPU.ActiveCfg = Release|Any CPU
		{B788E73E-7732-461A-A7CE-3D91CC9FDC16}.Release|Any CPU.Build.0 = Release|Any CPU
		{C44AF7A0-1B24-4C6B-888A-A1A05869DB10}.Debug|Any CPU.ActiveCfg = Debug|Any CPU
		{C44AF7A0-1B24-4C6B-888A-A1A05869DB10}.Debug|Any CPU.Build.0 = Debug|Any CPU
		{C44AF7A0-1B24-4C6B-888A-A1A05869DB10}.Release|Any CPU.ActiveCfg = Release|Any CPU
		{C44AF7A0-1B24-4C6B-888A-A1A05869DB10}.Release|Any CPU.Build.0 = Release|Any CPU
	EndGlobalSection
	GlobalSection(SolutionProperties) = preSolution
		HideSolutionNode = FALSE
	EndGlobalSection
	GlobalSection(ExtensibilityGlobals) = postSolution
		SolutionGuid = {52FA2C6E-0004-4212-A3D3-8416F96BA51D}
	EndGlobalSection
EndGlobal
